{
  "version": "5",
  "specifiers": {
    "jsr:@luca/esbuild-deno-loader@0.9": "0.9.0",
    "jsr:@std/assert@1": "1.0.16",
    "jsr:@std/assert@~0.213.1": "0.213.1",
    "jsr:@std/encoding@0.213": "0.213.1",
    "jsr:@std/internal@^1.0.12": "1.0.12",
    "jsr:@std/json@~0.213.1": "0.213.1",
    "jsr:@std/jsonc@0.213": "0.213.1",
    "jsr:@std/path@0.213": "0.213.1",
    "npm:esbuild@0.20": "0.20.2"
  },
  "jsr": {
    "@luca/esbuild-deno-loader@0.9.0": {
      "integrity": "288bbcede5c8a6f97e635f8fa4df779b13440ee0c0506d9e478fb6537789dc93",
      "dependencies": [
        "jsr:@std/encoding",
        "jsr:@std/jsonc",
        "jsr:@std/path",
        "npm:esbuild"
      ]
    },
    "@std/assert@0.213.1": {
      "integrity": "24c28178b30c8e0782c18e8e94ea72b16282207569cdd10ffb9d1d26f2edebfe"
    },
    "@std/assert@1.0.16": {
      "integrity": "6a7272ed1eaa77defe76e5ff63ca705d9c495077e2d5fd0126d2b53fc5bd6532",
      "dependencies": [
        "jsr:@std/internal"
      ]
    },
    "@std/encoding@0.213.1": {
      "integrity": "fcbb6928713dde941a18ca5db88ca1544d0755ec8fb20fe61e2dc8144b390c62"
    },
    "@std/internal@1.0.12": {
      "integrity": "972a634fd5bc34b242024402972cd5143eac68d8dffaca5eaa4dba30ce17b027"
    },
    "@std/json@0.213.1": {
      "integrity": "f572b1de605d07c4a5602445dac54bfc51b1fb87a3710a17aed2608bfca54e68"
    },
    "@std/jsonc@0.213.1": {
      "integrity": "5578f21aa583b7eb7317eed077ffcde47b294f1056bdbb9aacec407758637bfe",
      "dependencies": [
        "jsr:@std/assert@~0.213.1",
        "jsr:@std/json"
      ]
    },
    "@std/path@0.213.1": {
      "integrity": "f187bf278a172752e02fcbacf6bd78a335ed320d080a7ed3a5a59c3e88abc673",
      "dependencies": [
        "jsr:@std/assert@~0.213.1"
      ]
    }
  },
  "npm": {
    "@esbuild/aix-ppc64@0.20.2": {
      "integrity": "sha512-D+EBOJHXdNZcLJRBkhENNG8Wji2kgc9AZ9KiPr1JuZjsNtyHzrsfLRrY0tk2H2aoFu6RANO1y1iPPUCDYWkb5g==",
      "os": ["aix"],
      "cpu": ["ppc64"]
    },
    "@esbuild/android-arm64@0.20.2": {
      "integrity": "sha512-mRzjLacRtl/tWU0SvD8lUEwb61yP9cqQo6noDZP/O8VkwafSYwZ4yWy24kan8jE/IMERpYncRt2dw438LP3Xmg==",
      "os": ["android"],
      "cpu": ["arm64"]
    },
    "@esbuild/android-arm@0.20.2": {
      "integrity": "sha512-t98Ra6pw2VaDhqNWO2Oph2LXbz/EJcnLmKLGBJwEwXX/JAN83Fym1rU8l0JUWK6HkIbWONCSSatf4sf2NBRx/w==",
      "os": ["android"],
      "cpu": ["arm"]
    },
    "@esbuild/android-x64@0.20.2": {
      "integrity": "sha512-btzExgV+/lMGDDa194CcUQm53ncxzeBrWJcncOBxuC6ndBkKxnHdFJn86mCIgTELsooUmwUm9FkhSp5HYu00Rg==",
      "os": ["android"],
      "cpu": ["x64"]
    },
    "@esbuild/darwin-arm64@0.20.2": {
      "integrity": "sha512-4J6IRT+10J3aJH3l1yzEg9y3wkTDgDk7TSDFX+wKFiWjqWp/iCfLIYzGyasx9l0SAFPT1HwSCR+0w/h1ES/MjA==",
      "os": ["darwin"],
      "cpu": ["arm64"]
    },
    "@esbuild/darwin-x64@0.20.2": {
      "integrity": "sha512-tBcXp9KNphnNH0dfhv8KYkZhjc+H3XBkF5DKtswJblV7KlT9EI2+jeA8DgBjp908WEuYll6pF+UStUCfEpdysA==",
      "os": ["darwin"],
      "cpu": ["x64"]
    },
    "@esbuild/freebsd-arm64@0.20.2": {
      "integrity": "sha512-d3qI41G4SuLiCGCFGUrKsSeTXyWG6yem1KcGZVS+3FYlYhtNoNgYrWcvkOoaqMhwXSMrZRl69ArHsGJ9mYdbbw==",
      "os": ["freebsd"],
      "cpu": ["arm64"]
    },
    "@esbuild/freebsd-x64@0.20.2": {
      "integrity": "sha512-d+DipyvHRuqEeM5zDivKV1KuXn9WeRX6vqSqIDgwIfPQtwMP4jaDsQsDncjTDDsExT4lR/91OLjRo8bmC1e+Cw==",
      "os": ["freebsd"],
      "cpu": ["x64"]
    },
    "@esbuild/linux-arm64@0.20.2": {
      "integrity": "sha512-9pb6rBjGvTFNira2FLIWqDk/uaf42sSyLE8j1rnUpuzsODBq7FvpwHYZxQ/It/8b+QOS1RYfqgGFNLRI+qlq2A==",
      "os": ["linux"],
      "cpu": ["arm64"]
    },
    "@esbuild/linux-arm@0.20.2": {
      "integrity": "sha512-VhLPeR8HTMPccbuWWcEUD1Az68TqaTYyj6nfE4QByZIQEQVWBB8vup8PpR7y1QHL3CpcF6xd5WVBU/+SBEvGTg==",
      "os": ["linux"],
      "cpu": ["arm"]
    },
    "@esbuild/linux-ia32@0.20.2": {
      "integrity": "sha512-o10utieEkNPFDZFQm9CoP7Tvb33UutoJqg3qKf1PWVeeJhJw0Q347PxMvBgVVFgouYLGIhFYG0UGdBumROyiig==",
      "os": ["linux"],
      "cpu": ["ia32"]
    },
    "@esbuild/linux-loong64@0.20.2": {
      "integrity": "sha512-PR7sp6R/UC4CFVomVINKJ80pMFlfDfMQMYynX7t1tNTeivQ6XdX5r2XovMmha/VjR1YN/HgHWsVcTRIMkymrgQ==",
      "os": ["linux"],
      "cpu": ["loong64"]
    },
    "@esbuild/linux-mips64el@0.20.2": {
      "integrity": "sha512-4BlTqeutE/KnOiTG5Y6Sb/Hw6hsBOZapOVF6njAESHInhlQAghVVZL1ZpIctBOoTFbQyGW+LsVYZ8lSSB3wkjA==",
      "os": ["linux"],
      "cpu": ["mips64el"]
    },
    "@esbuild/linux-ppc64@0.20.2": {
      "integrity": "sha512-rD3KsaDprDcfajSKdn25ooz5J5/fWBylaaXkuotBDGnMnDP1Uv5DLAN/45qfnf3JDYyJv/ytGHQaziHUdyzaAg==",
      "os": ["linux"],
      "cpu": ["ppc64"]
    },
    "@esbuild/linux-riscv64@0.20.2": {
      "integrity": "sha512-snwmBKacKmwTMmhLlz/3aH1Q9T8v45bKYGE3j26TsaOVtjIag4wLfWSiZykXzXuE1kbCE+zJRmwp+ZbIHinnVg==",
      "os": ["linux"],
      "cpu": ["riscv64"]
    },
    "@esbuild/linux-s390x@0.20.2": {
      "integrity": "sha512-wcWISOobRWNm3cezm5HOZcYz1sKoHLd8VL1dl309DiixxVFoFe/o8HnwuIwn6sXre88Nwj+VwZUvJf4AFxkyrQ==",
      "os": ["linux"],
      "cpu": ["s390x"]
    },
    "@esbuild/linux-x64@0.20.2": {
      "integrity": "sha512-1MdwI6OOTsfQfek8sLwgyjOXAu+wKhLEoaOLTjbijk6E2WONYpH9ZU2mNtR+lZ2B4uwr+usqGuVfFT9tMtGvGw==",
      "os": ["linux"],
      "cpu": ["x64"]
    },
    "@esbuild/netbsd-x64@0.20.2": {
      "integrity": "sha512-K8/DhBxcVQkzYc43yJXDSyjlFeHQJBiowJ0uVL6Tor3jGQfSGHNNJcWxNbOI8v5k82prYqzPuwkzHt3J1T1iZQ==",
      "os": ["netbsd"],
      "cpu": ["x64"]
    },
    "@esbuild/openbsd-x64@0.20.2": {
      "integrity": "sha512-eMpKlV0SThJmmJgiVyN9jTPJ2VBPquf6Kt/nAoo6DgHAoN57K15ZghiHaMvqjCye/uU4X5u3YSMgVBI1h3vKrQ==",
      "os": ["openbsd"],
      "cpu": ["x64"]
    },
    "@esbuild/sunos-x64@0.20.2": {
      "integrity": "sha512-2UyFtRC6cXLyejf/YEld4Hajo7UHILetzE1vsRcGL3earZEW77JxrFjH4Ez2qaTiEfMgAXxfAZCm1fvM/G/o8w==",
      "os": ["sunos"],
      "cpu": ["x64"]
    },
    "@esbuild/win32-arm64@0.20.2": {
      "integrity": "sha512-GRibxoawM9ZCnDxnP3usoUDO9vUkpAxIIZ6GQI+IlVmr5kP3zUq+l17xELTHMWTWzjxa2guPNyrpq1GWmPvcGQ==",
      "os": ["win32"],
      "cpu": ["arm64"]
    },
    "@esbuild/win32-ia32@0.20.2": {
      "integrity": "sha512-HfLOfn9YWmkSKRQqovpnITazdtquEW8/SoHW7pWpuEeguaZI4QnCRW6b+oZTztdBnZOS2hqJ6im/D5cPzBTTlQ==",
      "os": ["win32"],
      "cpu": ["ia32"]
    },
    "@esbuild/win32-x64@0.20.2": {
      "integrity": "sha512-N49X4lJX27+l9jbLKSqZ6bKNjzQvHaT8IIFUy+YIqmXQdjYCToGWwOItDrfby14c78aDd5NHQl29xingXfCdLQ==",
      "os": ["win32"],
      "cpu": ["x64"]
    },
    "esbuild@0.20.2": {
      "integrity": "sha512-WdOOppmUNU+IbZ0PaDiTst80zjnrOkyJNHoKupIcVyU8Lvla3Ugx94VzkQ32Ijqd7UhHJy75gNWDMUekcrSJ6g==",
      "optionalDependencies": [
        "@esbuild/aix-ppc64",
        "@esbuild/android-arm",
        "@esbuild/android-arm64",
        "@esbuild/android-x64",
        "@esbuild/darwin-arm64",
        "@esbuild/darwin-x64",
        "@esbuild/freebsd-arm64",
        "@esbuild/freebsd-x64",
        "@esbuild/linux-arm",
        "@esbuild/linux-arm64",
        "@esbuild/linux-ia32",
        "@esbuild/linux-loong64",
        "@esbuild/linux-mips64el",
        "@esbuild/linux-ppc64",
        "@esbuild/linux-riscv64",
        "@esbuild/linux-s390x",
        "@esbuild/linux-x64",
        "@esbuild/netbsd-x64",
        "@esbuild/openbsd-x64",
        "@esbuild/sunos-x64",
        "@esbuild/win32-arm64",
        "@esbuild/win32-ia32",
        "@esbuild/win32-x64"
      ],
      "scripts": true,
      "bin": true
    }
  },
  "redirects": {
    "https://esm.sh/@lit/reactive-element@^2.0.4/decorators/custom-element?target=denonext": "https://esm.sh/@lit/reactive-element@2.1.1/decorators/custom-element?target=denonext",
    "https://esm.sh/@lit/reactive-element@^2.0.4/decorators/event-options?target=denonext": "https://esm.sh/@lit/reactive-element@2.1.1/decorators/event-options?target=denonext",
    "https://esm.sh/@lit/reactive-element@^2.0.4/decorators/property?target=denonext": "https://esm.sh/@lit/reactive-element@2.1.1/decorators/property?target=denonext",
    "https://esm.sh/@lit/reactive-element@^2.0.4/decorators/query-all?target=denonext": "https://esm.sh/@lit/reactive-element@2.1.1/decorators/query-all?target=denonext",
    "https://esm.sh/@lit/reactive-element@^2.0.4/decorators/query-assigned-elements?target=denonext": "https://esm.sh/@lit/reactive-element@2.1.1/decorators/query-assigned-elements?target=denonext",
    "https://esm.sh/@lit/reactive-element@^2.0.4/decorators/query-assigned-nodes?target=denonext": "https://esm.sh/@lit/reactive-element@2.1.1/decorators/query-assigned-nodes?target=denonext",
    "https://esm.sh/@lit/reactive-element@^2.0.4/decorators/query-async?target=denonext": "https://esm.sh/@lit/reactive-element@2.1.1/decorators/query-async?target=denonext",
    "https://esm.sh/@lit/reactive-element@^2.0.4/decorators/query?target=denonext": "https://esm.sh/@lit/reactive-element@2.1.1/decorators/query?target=denonext",
    "https://esm.sh/@lit/reactive-element@^2.0.4/decorators/state?target=denonext": "https://esm.sh/@lit/reactive-element@2.1.1/decorators/state?target=denonext",
    "https://esm.sh/@lit/reactive-element@^2.0.4?target=denonext": "https://esm.sh/@lit/reactive-element@2.1.1?target=denonext",
    "https://esm.sh/@lit/reactive-element@^2.1.0?target=denonext": "https://esm.sh/@lit/reactive-element@2.1.1?target=denonext",
    "https://esm.sh/lit-element@^4.0.4/lit-element?target=denonext": "https://esm.sh/lit-element@4.2.1/lit-element?target=denonext",
    "https://esm.sh/lit-html@^3.1.2/is-server?target=denonext": "https://esm.sh/lit-html@3.3.1/is-server?target=denonext",
    "https://esm.sh/lit-html@^3.1.2?target=denonext": "https://esm.sh/lit-html@3.3.1?target=denonext",
    "https://esm.sh/lit-html@^3.3.0?target=denonext": "https://esm.sh/lit-html@3.3.1?target=denonext"
  },
  "remote": {
    "https://deno.land/x/denoflate@1.2.1/mod.ts": "f5628e44b80b3d80ed525afa2ba0f12408e3849db817d47a883b801f9ce69dd6",
    "https://deno.land/x/denoflate@1.2.1/pkg/denoflate.js": "b9f9ad9457d3f12f28b1fb35c555f57443427f74decb403113d67364e4f2caf4",
    "https://deno.land/x/denoflate@1.2.1/pkg/denoflate_bg.wasm.js": "d581956245407a2115a3d7e8d85a9641c032940a8e810acbd59ca86afd34d44d",
    "https://deno.land/x/esbuild@v0.20.1/mod.js": "d50e500b53ce67e31116beba3916b0f9275c0e1cc20bc5cadc0fc1b7a3b06fd9",
    "https://esm.sh/@lit/reactive-element@2.1.1/decorators/custom-element?target=denonext": "29dc2949c70e2d1afc3941172d7ab07057f329fea2a714e9196c2438c6e618ff",
    "https://esm.sh/@lit/reactive-element@2.1.1/decorators/event-options?target=denonext": "a45b49cf718604a14ef1505f23aae966e9a937b699301da884104eed7120f3c9",
    "https://esm.sh/@lit/reactive-element@2.1.1/decorators/property?target=denonext": "e56d93704e0e6d420970f58cce11957c9011a5fe24a28b45e0629dfe099345b7",
    "https://esm.sh/@lit/reactive-element@2.1.1/decorators/query-all?target=denonext": "64fcc97227c1b3aae81b5cd6c79f63504139f2c12cf1f893d76d5dbcd5ef5d3c",
    "https://esm.sh/@lit/reactive-element@2.1.1/decorators/query-assigned-elements?target=denonext": "e6adbab52fbd9e2399ca0c9b6f5f2026cfa315cb194585a7f85e476b82da0bdf",
    "https://esm.sh/@lit/reactive-element@2.1.1/decorators/query-assigned-nodes?target=denonext": "953387518a5aa2ef0535f58fff972657f0a1af55e53b9336f0a49e585c478508",
    "https://esm.sh/@lit/reactive-element@2.1.1/decorators/query-async?target=denonext": "a3065d7a81614a485d90af344cd617a7015434368f003182ab8f693b4fdf6222",
    "https://esm.sh/@lit/reactive-element@2.1.1/decorators/query?target=denonext": "c5e68fa4e57368647c63a1de1440b3273b7286661d69731e7e13041ff88d31e6",
    "https://esm.sh/@lit/reactive-element@2.1.1/decorators/state?target=denonext": "3b03a03c4d68a177089c91528c80025383ac59544718e8b09938ea40348d86a3",
    "https://esm.sh/@lit/reactive-element@2.1.1/denonext/css-tag.mjs": "237c3894a99c57733f380af0dbb14dd3833889bb8df5465a3973b6eb3997a602",
    "https://esm.sh/@lit/reactive-element@2.1.1/denonext/decorators/base.mjs": "ea1af4354d7028cc94c6c64293b32648013b8bb6960f843f6fc48e70d824dc95",
    "https://esm.sh/@lit/reactive-element@2.1.1/denonext/decorators/custom-element.mjs": "38a480e5cb7561b8885cf00ab9f630c295f9519cd3dca644072fd4e64fe88858",
    "https://esm.sh/@lit/reactive-element@2.1.1/denonext/decorators/event-options.mjs": "288f28d1789fcc7ed1d3aded66a8dcb497b6b0c6680121f4144ee9462c0d3e68",
    "https://esm.sh/@lit/reactive-element@2.1.1/denonext/decorators/property.mjs": "be19f464c679f386edecb59d3928ca86779d943a8f6ef9bb4a9cbfcacdb4dc8c",
    "https://esm.sh/@lit/reactive-element@2.1.1/denonext/decorators/query-all.mjs": "5617495cfda48439c57280e3f8b80cd5d360c5cba72e526002d14d64da16ba4a",
    "https://esm.sh/@lit/reactive-element@2.1.1/denonext/decorators/query-assigned-elements.mjs": "d9f972b91608ee6fc3051702ce5e4e6a8b0ec5fec1825ade18442c456b445b3d",
    "https://esm.sh/@lit/reactive-element@2.1.1/denonext/decorators/query-assigned-nodes.mjs": "65c96dae433e9737e4054ada71e88d8566a50241f18aa159eeae44db68216361",
    "https://esm.sh/@lit/reactive-element@2.1.1/denonext/decorators/query-async.mjs": "dbd325a4cfea2cebb9b06fd256187a3b7c7c940409ead699f8c5c968da0c6c07",
    "https://esm.sh/@lit/reactive-element@2.1.1/denonext/decorators/query.mjs": "fef6ab735ee813ff10316ab90e5d7b065ce48c6cbd4487c16286aee65ec54dbe",
    "https://esm.sh/@lit/reactive-element@2.1.1/denonext/decorators/state.mjs": "1199b107e6ccc4ad9471a78d4c748fb9e0f0bf9b6ee79a80452ad00febe4517a",
    "https://esm.sh/@lit/reactive-element@2.1.1/denonext/reactive-element.mjs": "36ea0d691074682f4d65b63558e399c9a3f57c9ead7ff70ea2ae122c0c990c26",
    "https://esm.sh/@lit/reactive-element@2.1.1?target=denonext": "46bec40b7b763bdd0e4850bca835f7366d934603ce5b5b6fb9fd85f73410eb10",
    "https://esm.sh/@types/trusted-types@2.0.7/lib/index.js": "fabf6997a3adf11e45d11e3c4d58d0634ab98f9d72f3116f3694123818ccd457",
    "https://esm.sh/lit-element@4.2.1/denonext/__lit-element.mjs": "1f43e81e394bcd87dd976b4fce31c1feb1a2e3919f6644612185901af2f187de",
    "https://esm.sh/lit-element@4.2.1/lit-element?target=denonext": "114035fb635b41a2b9d3e37de809f180902bdad540c6a12ee2bd9d88b45a2506",
    "https://esm.sh/lit-html@3.3.1/denonext/is-server.mjs": "5039abac9de45d311a39f1fa93e567aab672d1e5feee4a0692dbb1f1fa68e370",
    "https://esm.sh/lit-html@3.3.1/denonext/lit-html.mjs": "6dbaaacd00bf1512a419c8d01cc2e9cd469ad3f16ed3004c895c9e49dd1d52ad",
    "https://esm.sh/lit-html@3.3.1/is-server?target=denonext": "c0154e6c6ac93cb8ec3110e635c4460ab9f4e79fa1c66f45653d327b3d7d8558",
    "https://esm.sh/lit-html@3.3.1?target=denonext": "ba15655de25671dd828e30fc873b6dbebd39438a5c24720769e0e82728a18b1d",
    "https://esm.sh/lit@3.1.4": "ecfc9e43c34e8e5b50e6880d4f86ded9f15aab11aaf8e2ec6b95db582c00ab0f",
    "https://esm.sh/lit@3.1.4/decorators": "5c4d6706c6fdca8665dfc5d4d53db0aa9718d4fdd7c45f46dfc90e9377c41368",
    "https://esm.sh/lit@3.1.4/denonext/decorators.mjs": "b405db500baa95ae47838b802042c7194d0ced897e297b1af752dd9e1d113515",
    "https://esm.sh/lit@3.1.4/denonext/lit.mjs": "02a541b170b29d2f26bd4c33b37c180302ad0386446d55523cfffff26b38afbc"
  },
  "workspace": {
    "dependencies": [
      "jsr:@luca/esbuild-deno-loader@0.9",
      "jsr:@std/assert@1"
    ]
  }
}
