{
  "version": "5",
  "specifiers": {
    "jsr:@luca/esbuild-deno-loader@0.9": "0.9.0",
    "jsr:@std/assert@1": "1.0.11",
    "jsr:@std/assert@~0.213.1": "0.213.1",
    "jsr:@std/encoding@0.213": "0.213.1",
    "jsr:@std/internal@^1.0.5": "1.0.5",
    "jsr:@std/json@~0.213.1": "0.213.1",
    "jsr:@std/jsonc@0.213": "0.213.1",
    "jsr:@std/path@0.213": "0.213.1",
    "npm:esbuild@0.20": "0.20.2"
  },
  "jsr": {
    "@luca/esbuild-deno-loader@0.9.0": {
      "integrity": "288bbcede5c8a6f97e635f8fa4df779b13440ee0c0506d9e478fb6537789dc93",
      "dependencies": [
        "jsr:@std/encoding",
        "jsr:@std/jsonc",
        "jsr:@std/path",
        "npm:esbuild"
      ]
    },
    "@std/assert@0.213.1": {
      "integrity": "24c28178b30c8e0782c18e8e94ea72b16282207569cdd10ffb9d1d26f2edebfe"
    },
    "@std/assert@1.0.11": {
      "integrity": "2461ef3c368fe88bc60e186e7744a93112f16fd110022e113a0849e94d1c83c1",
      "dependencies": [
        "jsr:@std/internal"
      ]
    },
    "@std/encoding@0.213.1": {
      "integrity": "fcbb6928713dde941a18ca5db88ca1544d0755ec8fb20fe61e2dc8144b390c62"
    },
    "@std/internal@1.0.5": {
      "integrity": "54a546004f769c1ac9e025abd15a76b6671ddc9687e2313b67376125650dc7ba"
    },
    "@std/json@0.213.1": {
      "integrity": "f572b1de605d07c4a5602445dac54bfc51b1fb87a3710a17aed2608bfca54e68"
    },
    "@std/jsonc@0.213.1": {
      "integrity": "5578f21aa583b7eb7317eed077ffcde47b294f1056bdbb9aacec407758637bfe",
      "dependencies": [
        "jsr:@std/assert@~0.213.1",
        "jsr:@std/json"
      ]
    },
    "@std/path@0.213.1": {
      "integrity": "f187bf278a172752e02fcbacf6bd78a335ed320d080a7ed3a5a59c3e88abc673",
      "dependencies": [
        "jsr:@std/assert@~0.213.1"
      ]
    }
  },
  "npm": {
    "@esbuild/aix-ppc64@0.20.2": {
      "integrity": "sha512-D+EBOJHXdNZcLJRBkhENNG8Wji2kgc9AZ9KiPr1JuZjsNtyHzrsfLRrY0tk2H2aoFu6RANO1y1iPPUCDYWkb5g==",
      "os": ["aix"],
      "cpu": ["ppc64"]
    },
    "@esbuild/android-arm64@0.20.2": {
      "integrity": "sha512-mRzjLacRtl/tWU0SvD8lUEwb61yP9cqQo6noDZP/O8VkwafSYwZ4yWy24kan8jE/IMERpYncRt2dw438LP3Xmg==",
      "os": ["android"],
      "cpu": ["arm64"]
    },
    "@esbuild/android-arm@0.20.2": {
      "integrity": "sha512-t98Ra6pw2VaDhqNWO2Oph2LXbz/EJcnLmKLGBJwEwXX/JAN83Fym1rU8l0JUWK6HkIbWONCSSatf4sf2NBRx/w==",
      "os": ["android"],
      "cpu": ["arm"]
    },
    "@esbuild/android-x64@0.20.2": {
      "integrity": "sha512-btzExgV+/lMGDDa194CcUQm53ncxzeBrWJcncOBxuC6ndBkKxnHdFJn86mCIgTELsooUmwUm9FkhSp5HYu00Rg==",
      "os": ["android"],
      "cpu": ["x64"]
    },
    "@esbuild/darwin-arm64@0.20.2": {
      "integrity": "sha512-4J6IRT+10J3aJH3l1yzEg9y3wkTDgDk7TSDFX+wKFiWjqWp/iCfLIYzGyasx9l0SAFPT1HwSCR+0w/h1ES/MjA==",
      "os": ["darwin"],
      "cpu": ["arm64"]
    },
    "@esbuild/darwin-x64@0.20.2": {
      "integrity": "sha512-tBcXp9KNphnNH0dfhv8KYkZhjc+H3XBkF5DKtswJblV7KlT9EI2+jeA8DgBjp908WEuYll6pF+UStUCfEpdysA==",
      "os": ["darwin"],
      "cpu": ["x64"]
    },
    "@esbuild/freebsd-arm64@0.20.2": {
      "integrity": "sha512-d3qI41G4SuLiCGCFGUrKsSeTXyWG6yem1KcGZVS+3FYlYhtNoNgYrWcvkOoaqMhwXSMrZRl69ArHsGJ9mYdbbw==",
      "os": ["freebsd"],
      "cpu": ["arm64"]
    },
    "@esbuild/freebsd-x64@0.20.2": {
      "integrity": "sha512-d+DipyvHRuqEeM5zDivKV1KuXn9WeRX6vqSqIDgwIfPQtwMP4jaDsQsDncjTDDsExT4lR/91OLjRo8bmC1e+Cw==",
      "os": ["freebsd"],
      "cpu": ["x64"]
    },
    "@esbuild/linux-arm64@0.20.2": {
      "integrity": "sha512-9pb6rBjGvTFNira2FLIWqDk/uaf42sSyLE8j1rnUpuzsODBq7FvpwHYZxQ/It/8b+QOS1RYfqgGFNLRI+qlq2A==",
      "os": ["linux"],
      "cpu": ["arm64"]
    },
    "@esbuild/linux-arm@0.20.2": {
      "integrity": "sha512-VhLPeR8HTMPccbuWWcEUD1Az68TqaTYyj6nfE4QByZIQEQVWBB8vup8PpR7y1QHL3CpcF6xd5WVBU/+SBEvGTg==",
      "os": ["linux"],
      "cpu": ["arm"]
    },
    "@esbuild/linux-ia32@0.20.2": {
      "integrity": "sha512-o10utieEkNPFDZFQm9CoP7Tvb33UutoJqg3qKf1PWVeeJhJw0Q347PxMvBgVVFgouYLGIhFYG0UGdBumROyiig==",
      "os": ["linux"],
      "cpu": ["ia32"]
    },
    "@esbuild/linux-loong64@0.20.2": {
      "integrity": "sha512-PR7sp6R/UC4CFVomVINKJ80pMFlfDfMQMYynX7t1tNTeivQ6XdX5r2XovMmha/VjR1YN/HgHWsVcTRIMkymrgQ==",
      "os": ["linux"],
      "cpu": ["loong64"]
    },
    "@esbuild/linux-mips64el@0.20.2": {
      "integrity": "sha512-4BlTqeutE/KnOiTG5Y6Sb/Hw6hsBOZapOVF6njAESHInhlQAghVVZL1ZpIctBOoTFbQyGW+LsVYZ8lSSB3wkjA==",
      "os": ["linux"],
      "cpu": ["mips64el"]
    },
    "@esbuild/linux-ppc64@0.20.2": {
      "integrity": "sha512-rD3KsaDprDcfajSKdn25ooz5J5/fWBylaaXkuotBDGnMnDP1Uv5DLAN/45qfnf3JDYyJv/ytGHQaziHUdyzaAg==",
      "os": ["linux"],
      "cpu": ["ppc64"]
    },
    "@esbuild/linux-riscv64@0.20.2": {
      "integrity": "sha512-snwmBKacKmwTMmhLlz/3aH1Q9T8v45bKYGE3j26TsaOVtjIag4wLfWSiZykXzXuE1kbCE+zJRmwp+ZbIHinnVg==",
      "os": ["linux"],
      "cpu": ["riscv64"]
    },
    "@esbuild/linux-s390x@0.20.2": {
      "integrity": "sha512-wcWISOobRWNm3cezm5HOZcYz1sKoHLd8VL1dl309DiixxVFoFe/o8HnwuIwn6sXre88Nwj+VwZUvJf4AFxkyrQ==",
      "os": ["linux"],
      "cpu": ["s390x"]
    },
    "@esbuild/linux-x64@0.20.2": {
      "integrity": "sha512-1MdwI6OOTsfQfek8sLwgyjOXAu+wKhLEoaOLTjbijk6E2WONYpH9ZU2mNtR+lZ2B4uwr+usqGuVfFT9tMtGvGw==",
      "os": ["linux"],
      "cpu": ["x64"]
    },
    "@esbuild/netbsd-x64@0.20.2": {
      "integrity": "sha512-K8/DhBxcVQkzYc43yJXDSyjlFeHQJBiowJ0uVL6Tor3jGQfSGHNNJcWxNbOI8v5k82prYqzPuwkzHt3J1T1iZQ==",
      "os": ["netbsd"],
      "cpu": ["x64"]
    },
    "@esbuild/openbsd-x64@0.20.2": {
      "integrity": "sha512-eMpKlV0SThJmmJgiVyN9jTPJ2VBPquf6Kt/nAoo6DgHAoN57K15ZghiHaMvqjCye/uU4X5u3YSMgVBI1h3vKrQ==",
      "os": ["openbsd"],
      "cpu": ["x64"]
    },
    "@esbuild/sunos-x64@0.20.2": {
      "integrity": "sha512-2UyFtRC6cXLyejf/YEld4Hajo7UHILetzE1vsRcGL3earZEW77JxrFjH4Ez2qaTiEfMgAXxfAZCm1fvM/G/o8w==",
      "os": ["sunos"],
      "cpu": ["x64"]
    },
    "@esbuild/win32-arm64@0.20.2": {
      "integrity": "sha512-GRibxoawM9ZCnDxnP3usoUDO9vUkpAxIIZ6GQI+IlVmr5kP3zUq+l17xELTHMWTWzjxa2guPNyrpq1GWmPvcGQ==",
      "os": ["win32"],
      "cpu": ["arm64"]
    },
    "@esbuild/win32-ia32@0.20.2": {
      "integrity": "sha512-HfLOfn9YWmkSKRQqovpnITazdtquEW8/SoHW7pWpuEeguaZI4QnCRW6b+oZTztdBnZOS2hqJ6im/D5cPzBTTlQ==",
      "os": ["win32"],
      "cpu": ["ia32"]
    },
    "@esbuild/win32-x64@0.20.2": {
      "integrity": "sha512-N49X4lJX27+l9jbLKSqZ6bKNjzQvHaT8IIFUy+YIqmXQdjYCToGWwOItDrfby14c78aDd5NHQl29xingXfCdLQ==",
      "os": ["win32"],
      "cpu": ["x64"]
    },
    "esbuild@0.20.2": {
      "integrity": "sha512-WdOOppmUNU+IbZ0PaDiTst80zjnrOkyJNHoKupIcVyU8Lvla3Ugx94VzkQ32Ijqd7UhHJy75gNWDMUekcrSJ6g==",
      "optionalDependencies": [
        "@esbuild/aix-ppc64",
        "@esbuild/android-arm",
        "@esbuild/android-arm64",
        "@esbuild/android-x64",
        "@esbuild/darwin-arm64",
        "@esbuild/darwin-x64",
        "@esbuild/freebsd-arm64",
        "@esbuild/freebsd-x64",
        "@esbuild/linux-arm",
        "@esbuild/linux-arm64",
        "@esbuild/linux-ia32",
        "@esbuild/linux-loong64",
        "@esbuild/linux-mips64el",
        "@esbuild/linux-ppc64",
        "@esbuild/linux-riscv64",
        "@esbuild/linux-s390x",
        "@esbuild/linux-x64",
        "@esbuild/netbsd-x64",
        "@esbuild/openbsd-x64",
        "@esbuild/sunos-x64",
        "@esbuild/win32-arm64",
        "@esbuild/win32-ia32",
        "@esbuild/win32-x64"
      ],
      "scripts": true,
      "bin": true
    }
  },
  "redirects": {
    "https://cdn.skypack.dev/lit@3.1.4/index.d.ts": "https://cdn.skypack.dev/-/lit@v3.1.4-dq9Dh7hwCTUsUNJfr5fo/dist=es2019,mode=raw/index.d.ts",
    "https://esm.sh/@lit/reactive-element@^2.0.4?target=denonext": "https://esm.sh/@lit/reactive-element@2.1.1?target=denonext",
    "https://esm.sh/@lit/reactive-element@^2.1.0?target=denonext": "https://esm.sh/@lit/reactive-element@2.1.1?target=denonext",
    "https://esm.sh/lit-element@^4.0.4/lit-element?target=denonext": "https://esm.sh/lit-element@4.2.1/lit-element?target=denonext",
    "https://esm.sh/lit-html@^3.1.2/is-server?target=denonext": "https://esm.sh/lit-html@3.3.1/is-server?target=denonext",
    "https://esm.sh/lit-html@^3.1.2?target=denonext": "https://esm.sh/lit-html@3.3.1?target=denonext",
    "https://esm.sh/lit-html@^3.3.0?target=denonext": "https://esm.sh/lit-html@3.3.1?target=denonext"
  },
  "remote": {
    "https://cdn.skypack.dev/-/@lit/reactive-element@v2.0.4-Co37cEhE9e7z36ZM8rLv/dist=es2019,mode=imports/optimized/@lit/reactive-element.js": "1727841e422a18ea201dac7e8e574a7a56b629f806b798b4df1494071863a9c1",
    "https://cdn.skypack.dev/-/@lit/reactive-element@v2.0.4-Co37cEhE9e7z36ZM8rLv/dist=es2019,mode=imports/optimized/@lit/reactive-element/css-tag.js": "0277094e5c0e1c66faea9536b4f2812741a2405dbdc06819b1fe9065c60fb0aa",
    "https://cdn.skypack.dev/-/@lit/reactive-element@v2.0.4-Co37cEhE9e7z36ZM8rLv/dist=es2019,mode=imports/optimized/@lit/reactive-element/decorators/base.js": "ba4c2d68941eaa11e12529fc79c9610714a65cd7c3e7c51066863baecf4f8050",
    "https://cdn.skypack.dev/-/@lit/reactive-element@v2.0.4-Co37cEhE9e7z36ZM8rLv/dist=es2019,mode=imports/optimized/@lit/reactive-element/decorators/custom-element.js": "c20bd7f3db924fd62cc56de82c78e692f55a4810897ba462d18a9419a1b755ef",
    "https://cdn.skypack.dev/-/@lit/reactive-element@v2.0.4-Co37cEhE9e7z36ZM8rLv/dist=es2019,mode=imports/optimized/@lit/reactive-element/decorators/event-options.js": "3ccd1e24eaa0652164354c188d3ac907b7ee41096eaf3551f91a9a76ce6c6292",
    "https://cdn.skypack.dev/-/@lit/reactive-element@v2.0.4-Co37cEhE9e7z36ZM8rLv/dist=es2019,mode=imports/optimized/@lit/reactive-element/decorators/property.js": "90d119df728221b1a705033b6c6fd31ba91b94ab820f70e079b85dc5ddc82293",
    "https://cdn.skypack.dev/-/@lit/reactive-element@v2.0.4-Co37cEhE9e7z36ZM8rLv/dist=es2019,mode=imports/optimized/@lit/reactive-element/decorators/query-all.js": "102f60e936cdc49f707ca7cb3b11af2ba3965d5c661cf75e501a6646df8da43a",
    "https://cdn.skypack.dev/-/@lit/reactive-element@v2.0.4-Co37cEhE9e7z36ZM8rLv/dist=es2019,mode=imports/optimized/@lit/reactive-element/decorators/query-assigned-elements.js": "abbe77231e6db54cfd097b3e0e43f2bf9fe3ed20294b73eb619d14cf5fc6531e",
    "https://cdn.skypack.dev/-/@lit/reactive-element@v2.0.4-Co37cEhE9e7z36ZM8rLv/dist=es2019,mode=imports/optimized/@lit/reactive-element/decorators/query-assigned-nodes.js": "a8bc2a0694d927b9a695717ecdca8a37ac9751c07acd554e3d89313c3a78be1b",
    "https://cdn.skypack.dev/-/@lit/reactive-element@v2.0.4-Co37cEhE9e7z36ZM8rLv/dist=es2019,mode=imports/optimized/@lit/reactive-element/decorators/query-async.js": "c6c62a542fd772e4e22670df1914a7a485590f33e89f047db9d3b8d4cc80aba7",
    "https://cdn.skypack.dev/-/@lit/reactive-element@v2.0.4-Co37cEhE9e7z36ZM8rLv/dist=es2019,mode=imports/optimized/@lit/reactive-element/decorators/query.js": "604674d12a253ddb760e25bb5fe00e0ea616f429e6c8f4fc1520213a91b3dd60",
    "https://cdn.skypack.dev/-/@lit/reactive-element@v2.0.4-Co37cEhE9e7z36ZM8rLv/dist=es2019,mode=imports/optimized/@lit/reactive-element/decorators/state.js": "055ae70face914f2a8131e09d3ddf82a57cc84d940e63f3c33de06bbbe7d4546",
    "https://cdn.skypack.dev/-/lit-element@v4.0.6-Q4zF36KtagYV877Yvv3p/dist=es2019,mode=imports/optimized/lit-element/lit-element.js": "48c798a62893ffdc70d7b81bc9e7e34038cbda25733199113df98e3522990693",
    "https://cdn.skypack.dev/-/lit-html@v3.1.4-hSQOdtGweaqIkqRYJKQP/dist=es2019,mode=imports/optimized/lit-html.js": "a82da0f87d425e58228a060ea35507d1f5785aac2deadf50533aae6950f7a04e",
    "https://cdn.skypack.dev/-/lit-html@v3.1.4-hSQOdtGweaqIkqRYJKQP/dist=es2019,mode=imports/optimized/lit-html/is-server.js": "8c9a9e8bf77bd85c6e7ef1254912519ae09c56f86fc86366979ace5808fac5ea",
    "https://cdn.skypack.dev/-/lit@v3.1.4-dq9Dh7hwCTUsUNJfr5fo/dist=es2019,mode=imports/optimized/lit.js": "ecccb77ed69e279661e246a8d27b66bfee1829d4e85e323dc5749e58c777b311",
    "https://cdn.skypack.dev/-/lit@v3.1.4-dq9Dh7hwCTUsUNJfr5fo/dist=es2019,mode=imports/optimized/lit/decorators.js": "32ec2ab3f7c94bbf9253879c2196dc5bf0c0f9c307ce0d30416ba709c5776e60",
    "https://cdn.skypack.dev/lit@3.1.4": "91998116f476c324e47b6fbc555565d8a35cb1bcf4364405ef0c7a2c2ea2fe79",
    "https://cdn.skypack.dev/lit@3.1.4/decorators.js": "e236cc45610410f62340cc6add29ea9355be32320d981c98bebe540ddaa4e927",
    "https://deno.land/std@0.224.0/assert/assert.ts": "09d30564c09de846855b7b071e62b5974b001bb72a4b797958fe0660e7849834",
    "https://deno.land/std@0.224.0/assert/assertion_error.ts": "ba8752bd27ebc51f723702fac2f54d3e94447598f54264a6653d6413738a8917",
    "https://deno.land/std@0.224.0/cli/parse_args.ts": "5250832fb7c544d9111e8a41ad272c016f5a53f975ef84d5a9fe5fcb70566ece",
    "https://deno.land/std@0.224.0/encoding/_util.ts": "beacef316c1255da9bc8e95afb1fa56ed69baef919c88dc06ae6cb7a6103d376",
    "https://deno.land/std@0.224.0/encoding/base64.ts": "dd59695391584c8ffc5a296ba82bcdba6dd8a84d41a6a539fbee8e5075286eaf",
    "https://deno.land/std@0.224.0/fmt/bytes.ts": "7b294a4b9cf0297efa55acb55d50610f3e116a0ac772d1df0ae00f0b833ccd4a",
    "https://deno.land/std@0.224.0/fmt/colors.ts": "508563c0659dd7198ba4bbf87e97f654af3c34eb56ba790260f252ad8012e1c5",
    "https://deno.land/std@0.224.0/http/etag.ts": "9ca56531be682f202e4239971931060b688ee5c362688e239eeaca39db9e72cb",
    "https://deno.land/std@0.224.0/http/file_server.ts": "2a5392195b8e7713288f274d071711b705bb5b3220294d76cce495d456c61a93",
    "https://deno.land/std@0.224.0/http/status.ts": "ed61b4882af2514a81aefd3245e8df4c47b9a8e54929a903577643d2d1ebf514",
    "https://deno.land/std@0.224.0/media_types/_db.ts": "19563a2491cd81b53b9c1c6ffd1a9145c355042d4a854c52f6e1424f73ff3923",
    "https://deno.land/std@0.224.0/media_types/_util.ts": "e0b8da0c7d8ad2015cf27ac16ddf0809ac984b2f3ec79f7fa4206659d4f10deb",
    "https://deno.land/std@0.224.0/media_types/content_type.ts": "ed3f2e1f243b418ad3f441edc95fd92efbadb0f9bde36219c7564c67f9639513",
    "https://deno.land/std@0.224.0/media_types/format_media_type.ts": "ffef4718afa2489530cb94021bb865a466eb02037609f7e82899c017959d288a",
    "https://deno.land/std@0.224.0/media_types/get_charset.ts": "277ebfceb205bd34e616fe6764ef03fb277b77f040706272bea8680806ae3f11",
    "https://deno.land/std@0.224.0/media_types/parse_media_type.ts": "487f000a38c230ccbac25420a50f600862e06796d0eee19d19631b9e84ee9654",
    "https://deno.land/std@0.224.0/media_types/type_by_extension.ts": "bf4e3f5d6b58b624d5daa01cbb8b1e86d9939940a77e7c26e796a075b60ec73b",
    "https://deno.land/std@0.224.0/media_types/vendor/mime-db.v1.52.0.ts": "0218d2c7d900e8cd6fa4a866e0c387712af4af9a1bae55d6b2546c73d273a1e6",
    "https://deno.land/std@0.224.0/path/_common/assert_path.ts": "dbdd757a465b690b2cc72fc5fb7698c51507dec6bfafce4ca500c46b76ff7bd8",
    "https://deno.land/std@0.224.0/path/_common/constants.ts": "dc5f8057159f4b48cd304eb3027e42f1148cf4df1fb4240774d3492b5d12ac0c",
    "https://deno.land/std@0.224.0/path/_common/normalize.ts": "684df4aa71a04bbcc346c692c8485594fc8a90b9408dfbc26ff32cf3e0c98cc8",
    "https://deno.land/std@0.224.0/path/_common/normalize_string.ts": "33edef773c2a8e242761f731adeb2bd6d683e9c69e4e3d0092985bede74f4ac3",
    "https://deno.land/std@0.224.0/path/_common/relative.ts": "faa2753d9b32320ed4ada0733261e3357c186e5705678d9dd08b97527deae607",
    "https://deno.land/std@0.224.0/path/_os.ts": "8fb9b90fb6b753bd8c77cfd8a33c2ff6c5f5bc185f50de8ca4ac6a05710b2c15",
    "https://deno.land/std@0.224.0/path/constants.ts": "0c206169ca104938ede9da48ac952de288f23343304a1c3cb6ec7625e7325f36",
    "https://deno.land/std@0.224.0/path/extname.ts": "593303db8ae8c865cbd9ceec6e55d4b9ac5410c1e276bfd3131916591b954441",
    "https://deno.land/std@0.224.0/path/join.ts": "ae2ec5ca44c7e84a235fd532e4a0116bfb1f2368b394db1c4fb75e3c0f26a33a",
    "https://deno.land/std@0.224.0/path/posix/_util.ts": "1e3937da30f080bfc99fe45d7ed23c47dd8585c5e473b2d771380d3a6937cf9d",
    "https://deno.land/std@0.224.0/path/posix/extname.ts": "e398c1d9d1908d3756a7ed94199fcd169e79466dd88feffd2f47ce0abf9d61d2",
    "https://deno.land/std@0.224.0/path/posix/join.ts": "7fc2cb3716aa1b863e990baf30b101d768db479e70b7313b4866a088db016f63",
    "https://deno.land/std@0.224.0/path/posix/normalize.ts": "baeb49816a8299f90a0237d214cef46f00ba3e95c0d2ceb74205a6a584b58a91",
    "https://deno.land/std@0.224.0/path/posix/relative.ts": "3907d6eda41f0ff723d336125a1ad4349112cd4d48f693859980314d5b9da31c",
    "https://deno.land/std@0.224.0/path/posix/resolve.ts": "08b699cfeee10cb6857ccab38fa4b2ec703b0ea33e8e69964f29d02a2d5257cf",
    "https://deno.land/std@0.224.0/path/relative.ts": "ab739d727180ed8727e34ed71d976912461d98e2b76de3d3de834c1066667add",
    "https://deno.land/std@0.224.0/path/resolve.ts": "a6f977bdb4272e79d8d0ed4333e3d71367cc3926acf15ac271f1d059c8494d8d",
    "https://deno.land/std@0.224.0/path/windows/_util.ts": "d5f47363e5293fced22c984550d5e70e98e266cc3f31769e1710511803d04808",
    "https://deno.land/std@0.224.0/path/windows/extname.ts": "165a61b00d781257fda1e9606a48c78b06815385e7d703232548dbfc95346bef",
    "https://deno.land/std@0.224.0/path/windows/join.ts": "8d03530ab89195185103b7da9dfc6327af13eabdcd44c7c63e42e27808f50ecf",
    "https://deno.land/std@0.224.0/path/windows/normalize.ts": "78126170ab917f0ca355a9af9e65ad6bfa5be14d574c5fb09bb1920f52577780",
    "https://deno.land/std@0.224.0/path/windows/relative.ts": "3e1abc7977ee6cc0db2730d1f9cb38be87b0ce4806759d271a70e4997fc638d7",
    "https://deno.land/std@0.224.0/path/windows/resolve.ts": "8dae1dadfed9d46ff46cc337c9525c0c7d959fb400a6308f34595c45bdca1972",
    "https://deno.land/std@0.224.0/streams/byte_slice_stream.ts": "5bbdcadb118390affa9b3d0a0f73ef8e83754f59bb89df349add669dd9369713",
    "https://deno.land/std@0.224.0/version.ts": "f6a28c9704d82d1c095988777e30e6172eb674a6570974a0d27a653be769bbbe",
    "https://deno.land/x/denoflate@1.2.1/mod.ts": "f5628e44b80b3d80ed525afa2ba0f12408e3849db817d47a883b801f9ce69dd6",
    "https://deno.land/x/denoflate@1.2.1/pkg/denoflate.js": "b9f9ad9457d3f12f28b1fb35c555f57443427f74decb403113d67364e4f2caf4",
    "https://deno.land/x/denoflate@1.2.1/pkg/denoflate_bg.wasm.js": "d581956245407a2115a3d7e8d85a9641c032940a8e810acbd59ca86afd34d44d",
    "https://deno.land/x/esbuild@v0.20.1/mod.js": "d50e500b53ce67e31116beba3916b0f9275c0e1cc20bc5cadc0fc1b7a3b06fd9",
    "https://esm.sh/@lit/reactive-element@2.1.1/denonext/css-tag.mjs": "237c3894a99c57733f380af0dbb14dd3833889bb8df5465a3973b6eb3997a602",
    "https://esm.sh/@lit/reactive-element@2.1.1/denonext/reactive-element.mjs": "61c79e1858471934f822f9da4ed64ff1236c58c9d09a4a45c636f620ccd05319",
    "https://esm.sh/@lit/reactive-element@2.1.1?target=denonext": "46bec40b7b763bdd0e4850bca835f7366d934603ce5b5b6fb9fd85f73410eb10",
    "https://esm.sh/@types/trusted-types@2.0.7/lib/index.js": "fabf6997a3adf11e45d11e3c4d58d0634ab98f9d72f3116f3694123818ccd457",
    "https://esm.sh/lit-element@4.2.1/denonext/__lit-element.mjs": "1f43e81e394bcd87dd976b4fce31c1feb1a2e3919f6644612185901af2f187de",
    "https://esm.sh/lit-element@4.2.1/lit-element?target=denonext": "114035fb635b41a2b9d3e37de809f180902bdad540c6a12ee2bd9d88b45a2506",
    "https://esm.sh/lit-html@3.3.1/denonext/is-server.mjs": "5039abac9de45d311a39f1fa93e567aab672d1e5feee4a0692dbb1f1fa68e370",
    "https://esm.sh/lit-html@3.3.1/denonext/lit-html.mjs": "6dbaaacd00bf1512a419c8d01cc2e9cd469ad3f16ed3004c895c9e49dd1d52ad",
    "https://esm.sh/lit-html@3.3.1/is-server?target=denonext": "c0154e6c6ac93cb8ec3110e635c4460ab9f4e79fa1c66f45653d327b3d7d8558",
    "https://esm.sh/lit-html@3.3.1?target=denonext": "ba15655de25671dd828e30fc873b6dbebd39438a5c24720769e0e82728a18b1d",
    "https://esm.sh/lit@3.1.4": "ecfc9e43c34e8e5b50e6880d4f86ded9f15aab11aaf8e2ec6b95db582c00ab0f",
    "https://esm.sh/lit@3.1.4/denonext/lit.mjs": "02a541b170b29d2f26bd4c33b37c180302ad0386446d55523cfffff26b38afbc"
  },
  "workspace": {
    "dependencies": [
      "jsr:@luca/esbuild-deno-loader@0.9",
      "jsr:@std/assert@1"
    ]
  }
}
